
Microsoft Visual Studio Solution File, Format Version 12.00
# Visual Studio 14
VisualStudioVersion = 14.0.24720.0
MinimumVisualStudioVersion = 10.0.40219.1
Project("{FAE04EC0-301F-11D3-BF4B-00C04F79EFBC}") = "EstimateSimulator", "EstimateSimulator\EstimateSimulator.csproj", "{546B92F9-C819-4191-B507-1EBAC7306461}"
EndProject
Global
	GlobalSection(SolutionConfigurationPlatforms) = preSolution
		Debug|Any CPU = Debug|Any CPU
		Release|Any CPU = Release|Any CPU
	EndGlobalSection
	GlobalSection(ProjectConfigurationPlatforms) = postSolution
		{546B92F9-C819-4191-B507-1EBAC7306461}.Debug|Any CPU.ActiveCfg = Debug|Any CPU
		{546B92F9-C819-4191-B507-1EBAC7306461}.Debug|Any CPU.Build.0 = Debug|Any CPU
		{546B92F9-C819-4191-B507-1EBAC7306461}.Release|Any CPU.ActiveCfg = Release|Any CPU
		{546B92F9-C819-4191-B507-1EBAC7306461}.Release|Any CPU.Build.0 = Release|Any CPU
	EndGlobalSection
	GlobalSection(SolutionProperties) = preSolution
		HideSolutionNode = FALSE
	EndGlobalSection
EndGlobal
